
Microsoft Visual Studio Solution File, Format Version 12.00
# Visual Studio 15
VisualStudioVersion = 15.0.27703.2000
MinimumVisualStudioVersion = 10.0.40219.1
Project("{FAE04EC0-301F-11D3-BF4B-00C04F79EFBC}") = "Xamarin.Android", "Xamarin.Android\Xamarin.Android.csproj", "{B859BACE-8F2F-4B94-AA7E-4B414DB21992}"
EndProject
Project("{FAE04EC0-301F-11D3-BF4B-00C04F79EFBC}") = "Xamarin.iOS", "Xamarin.iOS\Xamarin.iOS.csproj", "{101E3060-8799-4119-8A7A-4F86A01C0C84}"
EndProject
Global
	GlobalSection(SolutionConfigurationPlatforms) = preSolution
		Debug|Any CPU = Debug|Any CPU
		Debug|iPhone = Debug|iPhone
		Debug|iPhoneSimulator = Debug|iPhoneSimulator
		Release|Any CPU = Release|Any CPU
		Release|iPhone = Release|iPhone
		Release|iPhoneSimulator = Release|iPhoneSimulator
	EndGlobalSection
	GlobalSection(ProjectConfigurationPlatforms) = postSolution
		{B859BACE-8F2F-4B94-AA7E-4B414DB21992}.Debug|Any CPU.ActiveCfg = Debug|Any CPU
		{B859BACE-8F2F-4B94-AA7E-4B414DB21992}.Debug|Any CPU.Build.0 = Debug|Any CPU
		{B859BACE-8F2F-4B94-AA7E-4B414DB21992}.Debug|Any CPU.Deploy.0 = Debug|Any CPU
		{B859BACE-8F2F-4B94-AA7E-4B414DB21992}.Debug|iPhone.ActiveCfg = Debug|Any CPU
		{B859BACE-8F2F-4B94-AA7E-4B414DB21992}.Debug|iPhone.Build.0 = Debug|Any CPU
		{B859BACE-8F2F-4B94-AA7E-4B414DB21992}.Debug|iPhone.Deploy.0 = Debug|Any CPU
		{B859BACE-8F2F-4B94-AA7E-4B414DB21992}.Debug|iPhoneSimulator.ActiveCfg = Debug|Any CPU
		{B859BACE-8F2F-4B94-AA7E-4B414DB21992}.Debug|iPhoneSimulator.Build.0 = Debug|Any CPU
		{B859BACE-8F2F-4B94-AA7E-4B414DB21992}.Debug|iPhoneSimulator.Deploy.0 = Debug|Any CPU
		{B859BACE-8F2F-4B94-AA7E-4B414DB21992}.Release|Any CPU.ActiveCfg = Release|Any CPU
		{B859BACE-8F2F-4B94-AA7E-4B414DB21992}.Release|Any CPU.Build.0 = Release|Any CPU
		{B859BACE-8F2F-4B94-AA7E-4B414DB21992}.Release|Any CPU.Deploy.0 = Release|Any CPU
		{B859BACE-8F2F-4B94-AA7E-4B414DB21992}.Release|iPhone.ActiveCfg = Release|Any CPU
		{B859BACE-8F2F-4B94-AA7E-4B414DB21992}.Release|iPhone.Build.0 = Release|Any CPU
		{B859BACE-8F2F-4B94-AA7E-4B414DB21992}.Release|iPhone.Deploy.0 = Release|Any CPU
		{B859BACE-8F2F-4B94-AA7E-4B414DB21992}.Release|iPhoneSimulator.ActiveCfg = Release|Any CPU
		{B859BACE-8F2F-4B94-AA7E-4B414DB21992}.Release|iPhoneSimulator.Build.0 = Release|Any CPU
		{B859BACE-8F2F-4B94-AA7E-4B414DB21992}.Release|iPhoneSimulator.Deploy.0 = Release|Any CPU
		{101E3060-8799-4119-8A7A-4F86A01C0C84}.Debug|Any CPU.ActiveCfg = Debug|iPhone
		{101E3060-8799-4119-8A7A-4F86A01C0C84}.Debug|iPhone.ActiveCfg = Debug|iPhone
		{101E3060-8799-4119-8A7A-4F86A01C0C84}.Debug|iPhone.Build.0 = Debug|iPhone
		{101E3060-8799-4119-8A7A-4F86A01C0C84}.Debug|iPhoneSimulator.ActiveCfg = Debug|iPhoneSimulator
		{101E3060-8799-4119-8A7A-4F86A01C0C84}.Debug|iPhoneSimulator.Build.0 = Debug|iPhoneSimulator
		{101E3060-8799-4119-8A7A-4F86A01C0C84}.Release|Any CPU.ActiveCfg = Release|iPhone
		{101E3060-8799-4119-8A7A-4F86A01C0C84}.Release|iPhone.ActiveCfg = Release|iPhone
		{101E3060-8799-4119-8A7A-4F86A01C0C84}.Release|iPhone.Build.0 = Release|iPhone
		{101E3060-8799-4119-8A7A-4F86A01C0C84}.Release|iPhoneSimulator.ActiveCfg = Release|iPhoneSimulator
		{101E3060-8799-4119-8A7A-4F86A01C0C84}.Release|iPhoneSimulator.Build.0 = Release|iPhoneSimulator
	EndGlobalSection
	GlobalSection(SolutionProperties) = preSolution
		HideSolutionNode = FALSE
	EndGlobalSection
	GlobalSection(ExtensibilityGlobals) = postSolution
		SolutionGuid = {85705350-6D3C-4DA6-B592-F45E2EA66529}
	EndGlobalSection
EndGlobal
